
Microsoft Visual Studio Solution File, Format Version 12.00
# Visual Studio Version 17
VisualStudioVersion = 17.0.31903.59
MinimumVisualStudioVersion = 10.0.40219.1
Project("{FAE04EC0-301F-11D3-BF4B-00C04F79EFBC}") = "ScrumPoker", "ScrumPoker\ScrumPoker.csproj", "{16321B8E-8D93-4EB6-801E-06AF18E92896}"
EndProject
Project("{FAE04EC0-301F-11D3-BF4B-00C04F79EFBC}") = "ScrumPoker.StandaloneServer", "StandaloneServer\ScrumPoker.StandaloneServer.csproj", "{8F75226B-C532-404F-8C57-E36401F540AD}"
EndProject
Project("{FAE04EC0-301F-11D3-BF4B-00C04F79EFBC}") = "ScrumPoker.WebApp", "WebApp\ScrumPoker.WebApp.csproj", "{2735304B-0636-410B-8F14-22CF25000413}"
EndProject
Global
	GlobalSection(SolutionConfigurationPlatforms) = preSolution
		Debug|Any CPU = Debug|Any CPU
		Release|Any CPU = Release|Any CPU
	EndGlobalSection
	GlobalSection(SolutionProperties) = preSolution
		HideSolutionNode = FALSE
	EndGlobalSection
	GlobalSection(ProjectConfigurationPlatforms) = postSolution
		{16321B8E-8D93-4EB6-801E-06AF18E92896}.Debug|Any CPU.ActiveCfg = Debug|Any CPU
		{16321B8E-8D93-4EB6-801E-06AF18E92896}.Debug|Any CPU.Build.0 = Debug|Any CPU
		{16321B8E-8D93-4EB6-801E-06AF18E92896}.Release|Any CPU.ActiveCfg = Release|Any CPU
		{16321B8E-8D93-4EB6-801E-06AF18E92896}.Release|Any CPU.Build.0 = Release|Any CPU
		{8F75226B-C532-404F-8C57-E36401F540AD}.Debug|Any CPU.ActiveCfg = Debug|Any CPU
		{8F75226B-C532-404F-8C57-E36401F540AD}.Debug|Any CPU.Build.0 = Debug|Any CPU
		{8F75226B-C532-404F-8C57-E36401F540AD}.Release|Any CPU.ActiveCfg = Release|Any CPU
		{8F75226B-C532-404F-8C57-E36401F540AD}.Release|Any CPU.Build.0 = Release|Any CPU
		{2735304B-0636-410B-8F14-22CF25000413}.Debug|Any CPU.ActiveCfg = Debug|Any CPU
		{2735304B-0636-410B-8F14-22CF25000413}.Debug|Any CPU.Build.0 = Debug|Any CPU
		{2735304B-0636-410B-8F14-22CF25000413}.Release|Any CPU.ActiveCfg = Release|Any CPU
		{2735304B-0636-410B-8F14-22CF25000413}.Release|Any CPU.Build.0 = Release|Any CPU
	EndGlobalSection
EndGlobal
